{
    "hash": "adb74b69368a9eacefe63f788deefd6f",
    "packages": [
        {
            "name": "corneltek/getoptionkit",
            "version": "dev-master",
            "source": {
                "type": "git",
                "url": "git@git.corneltek.com:php/GetOptionKit.git",
                "reference": "1cfbddd3e524ebb360c434a95f6f5192aee1a89b"
            },
            "require": {
                "php": ">=5.3.0"
            },
            "type": "library",
            "autoload": {
                "psr-0": {
                    "GetOptionKit": "src"
                }
            },
            "license": [
                "MIT"
            ],
            "authors": [
                {
                    "name": "Yo-An Lin",
                    "email": "cornelius.howl@gmail.com",
                    "homepage": "http://c9s.me"
                }
            ],
            "description": "Powerful command-line option toolkit",
            "homepage": "http://github.com/c9s/GetOptionKit",
            "time": "2013-03-21 01:26:32"
        }
    ],
    "packages-dev": [
        {
            "name": "corneltek/fileutil",
            "version": "1.6.1",
            "source": {
                "type": "git",
                "url": "git@git.corneltek.com:php/FileUtil.git",
                "reference": "1.6.1"
            },
            "require-dev": {
                "corneltek/phpunit-testmore": "dev-master"
            },
            "type": "library",
            "autoload": {
                "files": [
                    "src/FileUtil.php"
                ]
            },
            "authors": [
                {
                    "name": "c9s",
                    "email": "cornelius.howl@gmail.com"
                }
            ],
            "description": "Fast File Utility Extension",
            "time": "2013-03-21 15:34:46"
        },
        {
            "name": "corneltek/phpunit-testmore",
            "version": "dev-master",
            "source": {
                "type": "git",
                "url": "git@git.corneltek.com:php/PHPUnit_TestMore.git",
                "reference": "e10a5ba320b9c3d3f7d42436e9196238558b8b51"
            },
            "require": {
                "php": ">=5.3.0"
            },
            "type": "library",
            "autoload": {
                "files": [
                    "src/PHPUnit/TestMore.php"
                ]
            },
            "time": "2013-03-21 08:49:44"
        },
        {
            "name": "corneltek/universal",
            "version": "dev-master",
            "source": {
                "type": "git",
                "url": "git@git.corneltek.com:php/Universal.git",
                "reference": "8feffccf5c119b999416341be05ca3a1e4cb7607"
            },
            "require": {
                "corneltek/fileutil": "1.6.*",
                "php": ">=5.3.0"
            },
            "require-dev": {
                "corneltek/phpunit-testmore": "dev-master"
            },
            "type": "library",
            "autoload": {
                "psr-0": {
                    "Universal": "src"
                }
            },
            "license": [
                "MIT"
            ],
            "authors": [
                {
                    "name": "Yo-An Lin",
                    "email": "cornelius.howl@gmail.com",
                    "homepage": "http://c9s.me"
                }
            ],
            "description": "Universal library for PHP",
            "homepage": "http://github.com/c9s/Universal",
            "time": "2013-03-21 15:07:50"
        }
    ],
    "aliases": [

    ],
    "minimum-stability": "stable",
    "stability-flags": {
        "corneltek/getoptionkit": 20,
        "corneltek/phpunit-testmore": 20,
        "corneltek/universal": 20
    },
    "platform": {
        "php": ">=5.3.0"
    },
    "platform-dev": [

    ]
}
