{
    "hash": "d064939f1cca47c5dbe76d6c6f752865",
    "packages": [
        {
            "name": "corneltek/getoptionkit",
            "version": "dev-master",
            "source": {
                "type": "git",
                "url": "https://github.com/c9s/php-GetOptionKit.git",
                "reference": "1cfbddd3e524ebb360c434a95f6f5192aee1a89b"
            },
            "dist": {
                "type": "zip",
                "url": "https://api.github.com/repos/c9s/php-GetOptionKit/zipball/1cfbddd3e524ebb360c434a95f6f5192aee1a89b",
                "reference": "1cfbddd3e524ebb360c434a95f6f5192aee1a89b",
                "shasum": ""
            },
            "require": {
                "php": ">=5.3.0"
            },
            "type": "library",
            "autoload": {
                "psr-0": {
                    "GetOptionKit": "src"
                }
            },
            "notification-url": "https://packagist.org/downloads/",
            "license": [
                "MIT"
            ],
            "authors": [
                {
                    "name": "Yo-An Lin",
                    "email": "cornelius.howl@gmail.com",
                    "homepage": "http://c9s.me"
                }
            ],
            "description": "Powerful command-line option toolkit",
            "homepage": "http://github.com/c9s/GetOptionKit",
            "time": "2013-03-21 01:26:32"
        }
    ],
    "packages-dev": null,
    "aliases": [

    ],
    "minimum-stability": "stable",
    "stability-flags": {
        "corneltek/getoptionkit": 20
    },
    "platform": {
        "php": ">=5.3.0"
    },
    "platform-dev": [

    ]
}
